// !$*UTF8*$!
{
	archiveVersion = 1;
	classes = {
	};
	objectVersion = 46;
	objects = {

/* Begin PBXBuildFile section */
		A6C4E90E1B7C412000707673 /* AppDelegate.m in Sources */ = {isa = PBXBuildFile; fileRef = A6C4E9001B7C412000707673 /* AppDelegate.m */; };
		A6C4E90F1B7C412000707673 /* LaunchScreen.xib in Resources */ = {isa = PBXBuildFile; fileRef = A6C4E9011B7C412000707673 /* LaunchScreen.xib */; };
		A6C4E9101B7C412000707673 /* Main.storyboard in Resources */ = {isa = PBXBuildFile; fileRef = A6C4E9031B7C412000707673 /* Main.storyboard */; };
		A6C4E9111B7C412000707673 /* Images.xcassets in Resources */ = {isa = PBXBuildFile; fileRef = A6C4E9051B7C412000707673 /* Images.xcassets */; };
		A6C4E9121B7C412000707673 /* Info.plist in Resources */ = {isa = PBXBuildFile; fileRef = A6C4E9061B7C412000707673 /* Info.plist */; };
		A6C4E9131B7C412000707673 /* ITRFirstViewController.m in Sources */ = {isa = PBXBuildFile; fileRef = A6C4E9081B7C412000707673 /* ITRFirstViewController.m */; };
		A6C4E9141B7C412000707673 /* ITRLeftMenuController.m in Sources */ = {isa = PBXBuildFile; fileRef = A6C4E90A1B7C412000707673 /* ITRLeftMenuController.m */; };
		A6C4E9151B7C412000707673 /* ITRSecondViewController.m in Sources */ = {isa = PBXBuildFile; fileRef = A6C4E90C1B7C412000707673 /* ITRSecondViewController.m */; };
		A6C4E9161B7C412000707673 /* main.m in Sources */ = {isa = PBXBuildFile; fileRef = A6C4E90D1B7C412000707673 /* main.m */; };
		A6C4E91A1B7C412900707673 /* ITRAirSideMenu.m in Sources */ = {isa = PBXBuildFile; fileRef = A6C4E9191B7C412900707673 /* ITRAirSideMenu.m */; };
/* End PBXBuildFile section */

/* Begin PBXFileReference section */
		A6C4AB8A1B7A5D7400AF0EC6 /* ITRAirSideMenu.app */ = {isa = PBXFileReference; explicitFileType = wrapper.application; includeInIndex = 0; path = ITRAirSideMenu.app; sourceTree = BUILT_PRODUCTS_DIR; };
		A6C4E8FF1B7C412000707673 /* AppDelegate.h */ = {isa = PBXFileReference; fileEncoding = 4; lastKnownFileType = sourcecode.c.h; path = AppDelegate.h; sourceTree = "<group>"; };
		A6C4E9001B7C412000707673 /* AppDelegate.m */ = {isa = PBXFileReference; fileEncoding = 4; lastKnownFileType = sourcecode.c.objc; path = AppDelegate.m; sourceTree = "<group>"; };
		A6C4E9021B7C412000707673 /* Base */ = {isa = PBXFileReference; lastKnownFileType = file.xib; name = Base; path = Base.lproj/LaunchScreen.xib; sourceTree = "<group>"; };
		A6C4E9041B7C412000707673 /* Base */ = {isa = PBXFileReference; lastKnownFileType = file.storyboard; name = Base; path = Base.lproj/Main.storyboard; sourceTree = "<group>"; };
		A6C4E9051B7C412000707673 /* Images.xcassets */ = {isa = PBXFileReference; lastKnownFileType = folder.assetcatalog; path = Images.xcassets; sourceTree = "<group>"; };
		A6C4E9061B7C412000707673 /* Info.plist */ = {isa = PBXFileReference; fileEncoding = 4; lastKnownFileType = text.plist.xml; path = Info.plist; sourceTree = "<group>"; };
		A6C4E9071B7C412000707673 /* ITRFirstViewController.h */ = {isa = PBXFileReference; fileEncoding = 4; lastKnownFileType = sourcecode.c.h; path = ITRFirstViewController.h; sourceTree = "<group>"; };
		A6C4E9081B7C412000707673 /* ITRFirstViewController.m */ = {isa = PBXFileReference; fileEncoding = 4; lastKnownFileType = sourcecode.c.objc; path = ITRFirstViewController.m; sourceTree = "<group>"; };
		A6C4E9091B7C412000707673 /* ITRLeftMenuController.h */ = {isa = PBXFileReference; fileEncoding = 4; lastKnownFileType = sourcecode.c.h; path = ITRLeftMenuController.h; sourceTree = "<group>"; };
		A6C4E90A1B7C412000707673 /* ITRLeftMenuController.m */ = {isa = PBXFileReference; fileEncoding = 4; lastKnownFileType = sourcecode.c.objc; path = ITRLeftMenuController.m; sourceTree = "<group>"; };
		A6C4E90B1B7C412000707673 /* ITRSecondViewController.h */ = {isa = PBXFileReference; fileEncoding = 4; lastKnownFileType = sourcecode.c.h; path = ITRSecondViewController.h; sourceTree = "<group>"; };
		A6C4E90C1B7C412000707673 /* ITRSecondViewController.m */ = {isa = PBXFileReference; fileEncoding = 4; lastKnownFileType = sourcecode.c.objc; path = ITRSecondViewController.m; sourceTree = "<group>"; };
		A6C4E90D1B7C412000707673 /* main.m */ = {isa = PBXFileReference; fileEncoding = 4; lastKnownFileType = sourcecode.c.objc; path = main.m; sourceTree = "<group>"; };
		A6C4E9181B7C412900707673 /* ITRAirSideMenu.h */ = {isa = PBXFileReference; fileEncoding = 4; lastKnownFileType = sourcecode.c.h; path = ITRAirSideMenu.h; sourceTree = "<group>"; };
		A6C4E9191B7C412900707673 /* ITRAirSideMenu.m */ = {isa = PBXFileReference; fileEncoding = 4; lastKnownFileType = sourcecode.c.objc; path = ITRAirSideMenu.m; sourceTree = "<group>"; };
/* End PBXFileReference section */

/* Begin PBXFrameworksBuildPhase section */
		A6C4AB871B7A5D7400AF0EC6 /* Frameworks */ = {
			isa = PBXFrameworksBuildPhase;
			buildActionMask = 2147483647;
			files = (
			);
			runOnlyForDeploymentPostprocessing = 0;
		};
/* End PBXFrameworksBuildPhase section */

/* Begin PBXGroup section */
		A6C4AB811B7A5D7300AF0EC6 = {
			isa = PBXGroup;
			children = (
				A6C4E9171B7C412900707673 /* Classes */,
				A6C4E8FE1B7C412000707673 /* ITRAirSideMenu */,
				A6C4AB8B1B7A5D7400AF0EC6 /* Products */,
			);
			sourceTree = "<group>";
		};
		A6C4AB8B1B7A5D7400AF0EC6 /* Products */ = {
			isa = PBXGroup;
			children = (
				A6C4AB8A1B7A5D7400AF0EC6 /* ITRAirSideMenu.app */,
			);
			name = Products;
			sourceTree = "<group>";
		};
		A6C4E8FE1B7C412000707673 /* ITRAirSideMenu */ = {
			isa = PBXGroup;
			children = (
				A6C4E8FF1B7C412000707673 /* AppDelegate.h */,
				A6C4E9001B7C412000707673 /* AppDelegate.m */,
				A6C4E9011B7C412000707673 /* LaunchScreen.xib */,
				A6C4E9031B7C412000707673 /* Main.storyboard */,
				A6C4E9051B7C412000707673 /* Images.xcassets */,
				A6C4E9061B7C412000707673 /* Info.plist */,
				A6C4E9071B7C412000707673 /* ITRFirstViewController.h */,
				A6C4E9081B7C412000707673 /* ITRFirstViewController.m */,
				A6C4E9091B7C412000707673 /* ITRLeftMenuController.h */,
				A6C4E90A1B7C412000707673 /* ITRLeftMenuController.m */,
				A6C4E90B1B7C412000707673 /* ITRSecondViewController.h */,
				A6C4E90C1B7C412000707673 /* ITRSecondViewController.m */,
				A6C4E90D1B7C412000707673 /* main.m */,
			);
			name = ITRAirSideMenu;
			path = Example;
			sourceTree = "<group>";
		};
		A6C4E9171B7C412900707673 /* Classes */ = {
			isa = PBXGroup;
			children = (
				A6C4E9181B7C412900707673 /* ITRAirSideMenu.h */,
				A6C4E9191B7C412900707673 /* ITRAirSideMenu.m */,
			);
			path = Classes;
			sourceTree = "<group>";
		};
/* End PBXGroup section */

/* Begin PBXNativeTarget section */
		A6C4AB891B7A5D7400AF0EC6 /* ITRAirSideMenu */ = {
			isa = PBXNativeTarget;
			buildConfigurationList = A6C4ABAD1B7A5D7400AF0EC6 /* Build configuration list for PBXNativeTarget "ITRAirSideMenu" */;
			buildPhases = (
				A6C4AB861B7A5D7400AF0EC6 /* Sources */,
				A6C4AB871B7A5D7400AF0EC6 /* Frameworks */,
				A6C4AB881B7A5D7400AF0EC6 /* Resources */,
			);
			buildRules = (
			);
			dependencies = (
			);
			name = ITRAirSideMenu;
			productName = ITRAirSideMenu;
			productReference = A6C4AB8A1B7A5D7400AF0EC6 /* ITRAirSideMenu.app */;
			productType = "com.apple.product-type.application";
		};
/* End PBXNativeTarget section */

/* Begin PBXProject section */
		A6C4AB821B7A5D7300AF0EC6 /* Project object */ = {
			isa = PBXProject;
			attributes = {
				LastUpgradeCheck = 0640;
				ORGANIZATIONNAME = kirthi;
				TargetAttributes = {
					A6C4AB891B7A5D7400AF0EC6 = {
						CreatedOnToolsVersion = 6.4;
					};
				};
			};
			buildConfigurationList = A6C4AB851B7A5D7400AF0EC6 /* Build configuration list for PBXProject "ITRAirSideMenu" */;
			compatibilityVersion = "Xcode 3.2";
			developmentRegion = English;
			hasScannedForEncodings = 0;
			knownRegions = (
				en,
				Base,
			);
			mainGroup = A6C4AB811B7A5D7300AF0EC6;
			productRefGroup = A6C4AB8B1B7A5D7400AF0EC6 /* Products */;
			projectDirPath = "";
			projectRoot = "";
			targets = (
				A6C4AB891B7A5D7400AF0EC6 /* ITRAirSideMenu */,
			);
		};
/* End PBXProject section */

/* Begin PBXResourcesBuildPhase section */
		A6C4AB881B7A5D7400AF0EC6 /* Resources */ = {
			isa = PBXResourcesBuildPhase;
			buildActionMask = 2147483647;
			files = (
				A6C4E9121B7C412000707673 /* Info.plist in Resources */,
				A6C4E9111B7C412000707673 /* Images.xcassets in Resources */,
				A6C4E90F1B7C412000707673 /* LaunchScreen.xib in Resources */,
				A6C4E9101B7C412000707673 /* Main.storyboard in Resources */,
			);
			runOnlyForDeploymentPostprocessing = 0;
		};
/* End PBXResourcesBuildPhase section */

/* Begin PBXSourcesBuildPhase section */
		A6C4AB861B7A5D7400AF0EC6 /* Sources */ = {
			isa = PBXSourcesBuildPhase;
			buildActionMask = 2147483647;
			files = (
				A6C4E9161B7C412000707673 /* main.m in Sources */,
				A6C4E90E1B7C412000707673 /* AppDelegate.m in Sources */,
				A6C4E9141B7C412000707673 /* ITRLeftMenuController.m in Sources */,
				A6C4E9151B7C412000707673 /* ITRSecondViewController.m in Sources */,
				A6C4E91A1B7C412900707673 /* ITRAirSideMenu.m in Sources */,
				A6C4E9131B7C412000707673 /* ITRFirstViewController.m in Sources */,
			);
			runOnlyForDeploymentPostprocessing = 0;
		};
/* End PBXSourcesBuildPhase section */

/* Begin PBXVariantGroup section */
		A6C4E9011B7C412000707673 /* LaunchScreen.xib */ = {
			isa = PBXVariantGroup;
			children = (
				A6C4E9021B7C412000707673 /* Base */,
			);
			name = LaunchScreen.xib;
			sourceTree = "<group>";
		};
		A6C4E9031B7C412000707673 /* Main.storyboard */ = {
			isa = PBXVariantGroup;
			children = (
				A6C4E9041B7C412000707673 /* Base */,
			);
			name = Main.storyboard;
			sourceTree = "<group>";
		};
/* End PBXVariantGroup section */

/* Begin XCBuildConfiguration section */
		A6C4ABAB1B7A5D7400AF0EC6 /* Debug */ = {
			isa = XCBuildConfiguration;
			buildSettings = {
				ALWAYS_SEARCH_USER_PATHS = NO;
				CLANG_CXX_LANGUAGE_STANDARD = "gnu++0x";
				CLANG_CXX_LIBRARY = "libc++";
				CLANG_ENABLE_MODULES = YES;
				CLANG_ENABLE_OBJC_ARC = YES;
				CLANG_WARN_BOOL_CONVERSION = YES;
				CLANG_WARN_CONSTANT_CONVERSION = YES;
				CLANG_WARN_DIRECT_OBJC_ISA_USAGE = YES_ERROR;
				CLANG_WARN_EMPTY_BODY = YES;
				CLANG_WARN_ENUM_CONVERSION = YES;
				CLANG_WARN_INT_CONVERSION = YES;
				CLANG_WARN_OBJC_ROOT_CLASS = YES_ERROR;
				CLANG_WARN_UNREACHABLE_CODE = YES;
				CLANG_WARN__DUPLICATE_METHOD_MATCH = YES;
				"CODE_SIGN_IDENTITY[sdk=iphoneos*]" = "iPhone Developer";
				COPY_PHASE_STRIP = NO;
				DEBUG_INFORMATION_FORMAT = "dwarf-with-dsym";
				ENABLE_STRICT_OBJC_MSGSEND = YES;
				GCC_C_LANGUAGE_STANDARD = gnu99;
				GCC_DYNAMIC_NO_PIC = NO;
				GCC_NO_COMMON_BLOCKS = YES;
				GCC_OPTIMIZATION_LEVEL = 0;
				GCC_PREPROCESSOR_DEFINITIONS = (
					"DEBUG=1",
					"$(inherited)",
				);
				GCC_SYMBOLS_PRIVATE_EXTERN = NO;
				GCC_WARN_64_TO_32_BIT_CONVERSION = YES;
				GCC_WARN_ABOUT_RETURN_TYPE = YES_ERROR;
				GCC_WARN_UNDECLARED_SELECTOR = YES;
				GCC_WARN_UNINITIALIZED_AUTOS = YES_AGGRESSIVE;
				GCC_WARN_UNUSED_FUNCTION = YES;
				GCC_WARN_UNUSED_VARIABLE = YES;
				IPHONEOS_DEPLOYMENT_TARGET = 8.4;
				MTL_ENABLE_DEBUG_INFO = YES;
				ONLY_ACTIVE_ARCH = YES;
				SDKROOT = iphoneos;
			};
			name = Debug;
		};
		A6C4ABAC1B7A5D7400AF0EC6 /* Release */ = {
			isa = XCBuildConfiguration;
			buildSettings = {
				ALWAYS_SEARCH_USER_PATHS = NO;
				CLANG_CXX_LANGUAGE_STANDARD = "gnu++0x";
				CLANG_CXX_LIBRARY = "libc++";
				CLANG_ENABLE_MODULES = YES;
				CLANG_ENABLE_OBJC_ARC = YES;
				CLANG_WARN_BOOL_CONVERSION = YES;
				CLANG_WARN_CONSTANT_CONVERSION = YES;
				CLANG_WARN_DIRECT_OBJC_ISA_USAGE = YES_ERROR;
				CLANG_WARN_EMPTY_BODY = YES;
				CLANG_WARN_ENUM_CONVERSION = YES;
				CLANG_WARN_INT_CONVERSION = YES;
				CLANG_WARN_OBJC_ROOT_CLASS = YES_ERROR;
				CLANG_WARN_UNREACHABLE_CODE = YES;
				CLANG_WARN__DUPLICATE_METHOD_MATCH = YES;
				"CODE_SIGN_IDENTITY[sdk=iphoneos*]" = "iPhone Developer";
				COPY_PHASE_STRIP = NO;
				DEBUG_INFORMATION_FORMAT = "dwarf-with-dsym";
				ENABLE_NS_ASSERTIONS = NO;
				ENABLE_STRICT_OBJC_MSGSEND = YES;
				GCC_C_LANGUAGE_STANDARD = gnu99;
				GCC_NO_COMMON_BLOCKS = YES;
				GCC_WARN_64_TO_32_BIT_CONVERSION = YES;
				GCC_WARN_ABOUT_RETURN_TYPE = YES_ERROR;
				GCC_WARN_UNDECLARED_SELECTOR = YES;
				GCC_WARN_UNINITIALIZED_AUTOS = YES_AGGRESSIVE;
				GCC_WARN_UNUSED_FUNCTION = YES;
				GCC_WARN_UNUSED_VARIABLE = YES;
				IPHONEOS_DEPLOYMENT_TARGET = 8.4;
				MTL_ENABLE_DEBUG_INFO = NO;
				SDKROOT = iphoneos;
				VALIDATE_PRODUCT = YES;
			};
			name = Release;
		};
		A6C4ABAE1B7A5D7400AF0EC6 /* Debug */ = {
			isa = XCBuildConfiguration;
			buildSettings = {
				ASSETCATALOG_COMPILER_APPICON_NAME = AppIcon;
				INFOPLIST_FILE = "$(SRCROOT)/Example/Info.plist";
				LD_RUNPATH_SEARCH_PATHS = "$(inherited) @executable_path/Frameworks";
				PRODUCT_NAME = "$(TARGET_NAME)";
			};
			name = Debug;
		};
		A6C4ABAF1B7A5D7400AF0EC6 /* Release */ = {
			isa = XCBuildConfiguration;
			buildSettings = {
				ASSETCATALOG_COMPILER_APPICON_NAME = AppIcon;
				INFOPLIST_FILE = "$(SRCROOT)/Example/Info.plist";
				LD_RUNPATH_SEARCH_PATHS = "$(inherited) @executable_path/Frameworks";
				PRODUCT_NAME = "$(TARGET_NAME)";
			};
			name = Release;
		};
/* End XCBuildConfiguration section */

/* Begin XCConfigurationList section */
		A6C4AB851B7A5D7400AF0EC6 /* Build configuration list for PBXProject "ITRAirSideMenu" */ = {
			isa = XCConfigurationList;
			buildConfigurations = (
				A6C4ABAB1B7A5D7400AF0EC6 /* Debug */,
				A6C4ABAC1B7A5D7400AF0EC6 /* Release */,
			);
			defaultConfigurationIsVisible = 0;
			defaultConfigurationName = Release;
		};
		A6C4ABAD1B7A5D7400AF0EC6 /* Build configuration list for PBXNativeTarget "ITRAirSideMenu" */ = {
			isa = XCConfigurationList;
			buildConfigurations = (
				A6C4ABAE1B7A5D7400AF0EC6 /* Debug */,
				A6C4ABAF1B7A5D7400AF0EC6 /* Release */,
			);
			defaultConfigurationIsVisible = 0;
			defaultConfigurationName = Release;
		};
/* End XCConfigurationList section */
	};
	rootObject = A6C4AB821B7A5D7300AF0EC6 /* Project object */;
}
