// !$*UTF8*$!
{
	archiveVersion = 1;
	classes = {
	};
	objectVersion = 46;
	objects = {

/* Begin PBXBuildFile section */
		A6C4AB901B7A5D7400AF0EC6 /* main.m in Sources */ = {isa = PBXBuildFile; fileRef = A6C4AB8F1B7A5D7400AF0EC6 /* main.m */; };
		A6C4AB931B7A5D7400AF0EC6 /* AppDelegate.m in Sources */ = {isa = PBXBuildFile; fileRef = A6C4AB921B7A5D7400AF0EC6 /* AppDelegate.m */; };
		A6C4AB961B7A5D7400AF0EC6 /* ViewController.m in Sources */ = {isa = PBXBuildFile; fileRef = A6C4AB951B7A5D7400AF0EC6 /* ViewController.m */; };
		A6C4AB991B7A5D7400AF0EC6 /* Main.storyboard in Resources */ = {isa = PBXBuildFile; fileRef = A6C4AB971B7A5D7400AF0EC6 /* Main.storyboard */; };
		A6C4AB9B1B7A5D7400AF0EC6 /* Images.xcassets in Resources */ = {isa = PBXBuildFile; fileRef = A6C4AB9A1B7A5D7400AF0EC6 /* Images.xcassets */; };
		A6C4AB9E1B7A5D7400AF0EC6 /* LaunchScreen.xib in Resources */ = {isa = PBXBuildFile; fileRef = A6C4AB9C1B7A5D7400AF0EC6 /* LaunchScreen.xib */; };
		A6C4ABAA1B7A5D7400AF0EC6 /* ITRAirSideMenuTests.m in Sources */ = {isa = PBXBuildFile; fileRef = A6C4ABA91B7A5D7400AF0EC6 /* ITRAirSideMenuTests.m */; };
/* End PBXBuildFile section */

/* Begin PBXContainerItemProxy section */
		A6C4ABA41B7A5D7400AF0EC6 /* PBXContainerItemProxy */ = {
			isa = PBXContainerItemProxy;
			containerPortal = A6C4AB821B7A5D7300AF0EC6 /* Project object */;
			proxyType = 1;
			remoteGlobalIDString = A6C4AB891B7A5D7400AF0EC6;
			remoteInfo = ITRAirSideMenu;
		};
/* End PBXContainerItemProxy section */

/* Begin PBXFileReference section */
		A6C4AB8A1B7A5D7400AF0EC6 /* ITRAirSideMenu.app */ = {isa = PBXFileReference; explicitFileType = wrapper.application; includeInIndex = 0; path = ITRAirSideMenu.app; sourceTree = BUILT_PRODUCTS_DIR; };
		A6C4AB8E1B7A5D7400AF0EC6 /* Info.plist */ = {isa = PBXFileReference; lastKnownFileType = text.plist.xml; path = Info.plist; sourceTree = "<group>"; };
		A6C4AB8F1B7A5D7400AF0EC6 /* main.m */ = {isa = PBXFileReference; lastKnownFileType = sourcecode.c.objc; path = main.m; sourceTree = "<group>"; };
		A6C4AB911B7A5D7400AF0EC6 /* AppDelegate.h */ = {isa = PBXFileReference; lastKnownFileType = sourcecode.c.h; path = AppDelegate.h; sourceTree = "<group>"; };
		A6C4AB921B7A5D7400AF0EC6 /* AppDelegate.m */ = {isa = PBXFileReference; lastKnownFileType = sourcecode.c.objc; path = AppDelegate.m; sourceTree = "<group>"; };
		A6C4AB941B7A5D7400AF0EC6 /* ViewController.h */ = {isa = PBXFileReference; lastKnownFileType = sourcecode.c.h; path = ViewController.h; sourceTree = "<group>"; };
		A6C4AB951B7A5D7400AF0EC6 /* ViewController.m */ = {isa = PBXFileReference; lastKnownFileType = sourcecode.c.objc; path = ViewController.m; sourceTree = "<group>"; };
		A6C4AB981B7A5D7400AF0EC6 /* Base */ = {isa = PBXFileReference; lastKnownFileType = file.storyboard; name = Base; path = Base.lproj/Main.storyboard; sourceTree = "<group>"; };
		A6C4AB9A1B7A5D7400AF0EC6 /* Images.xcassets */ = {isa = PBXFileReference; lastKnownFileType = folder.assetcatalog; path = Images.xcassets; sourceTree = "<group>"; };
		A6C4AB9D1B7A5D7400AF0EC6 /* Base */ = {isa = PBXFileReference; lastKnownFileType = file.xib; name = Base; path = Base.lproj/LaunchScreen.xib; sourceTree = "<group>"; };
		A6C4ABA31B7A5D7400AF0EC6 /* ITRAirSideMenuTests.xctest */ = {isa = PBXFileReference; explicitFileType = wrapper.cfbundle; includeInIndex = 0; path = ITRAirSideMenuTests.xctest; sourceTree = BUILT_PRODUCTS_DIR; };
		A6C4ABA81B7A5D7400AF0EC6 /* Info.plist */ = {isa = PBXFileReference; lastKnownFileType = text.plist.xml; path = Info.plist; sourceTree = "<group>"; };
		A6C4ABA91B7A5D7400AF0EC6 /* ITRAirSideMenuTests.m */ = {isa = PBXFileReference; lastKnownFileType = sourcecode.c.objc; path = ITRAirSideMenuTests.m; sourceTree = "<group>"; };
/* End PBXFileReference section */

/* Begin PBXFrameworksBuildPhase section */
		A6C4AB871B7A5D7400AF0EC6 /* Frameworks */ = {
			isa = PBXFrameworksBuildPhase;
			buildActionMask = 2147483647;
			files = (
			);
			runOnlyForDeploymentPostprocessing = 0;
		};
		A6C4ABA01B7A5D7400AF0EC6 /* Frameworks */ = {
			isa = PBXFrameworksBuildPhase;
			buildActionMask = 2147483647;
			files = (
			);
			runOnlyForDeploymentPostprocessing = 0;
		};
/* End PBXFrameworksBuildPhase section */

/* Begin PBXGroup section */
		A6C4AB811B7A5D7300AF0EC6 = {
			isa = PBXGroup;
			children = (
				A6C4AB8C1B7A5D7400AF0EC6 /* ITRAirSideMenu */,
				A6C4ABA61B7A5D7400AF0EC6 /* ITRAirSideMenuTests */,
				A6C4AB8B1B7A5D7400AF0EC6 /* Products */,
			);
			sourceTree = "<group>";
		};
		A6C4AB8B1B7A5D7400AF0EC6 /* Products */ = {
			isa = PBXGroup;
			children = (
				A6C4AB8A1B7A5D7400AF0EC6 /* ITRAirSideMenu.app */,
				A6C4ABA31B7A5D7400AF0EC6 /* ITRAirSideMenuTests.xctest */,
			);
			name = Products;
			sourceTree = "<group>";
		};
		A6C4AB8C1B7A5D7400AF0EC6 /* ITRAirSideMenu */ = {
			isa = PBXGroup;
			children = (
				A6C4AB911B7A5D7400AF0EC6 /* AppDelegate.h */,
				A6C4AB921B7A5D7400AF0EC6 /* AppDelegate.m */,
				A6C4AB941B7A5D7400AF0EC6 /* ViewController.h */,
				A6C4AB951B7A5D7400AF0EC6 /* ViewController.m */,
				A6C4AB971B7A5D7400AF0EC6 /* Main.storyboard */,
				A6C4AB9A1B7A5D7400AF0EC6 /* Images.xcassets */,
				A6C4AB9C1B7A5D7400AF0EC6 /* LaunchScreen.xib */,
				A6C4AB8D1B7A5D7400AF0EC6 /* Supporting Files */,
			);
			path = ITRAirSideMenu;
			sourceTree = "<group>";
		};
		A6C4AB8D1B7A5D7400AF0EC6 /* Supporting Files */ = {
			isa = PBXGroup;
			children = (
				A6C4AB8E1B7A5D7400AF0EC6 /* Info.plist */,
				A6C4AB8F1B7A5D7400AF0EC6 /* main.m */,
			);
			name = "Supporting Files";
			sourceTree = "<group>";
		};
		A6C4ABA61B7A5D7400AF0EC6 /* ITRAirSideMenuTests */ = {
			isa = PBXGroup;
			children = (
				A6C4ABA91B7A5D7400AF0EC6 /* ITRAirSideMenuTests.m */,
				A6C4ABA71B7A5D7400AF0EC6 /* Supporting Files */,
			);
			path = ITRAirSideMenuTests;
			sourceTree = "<group>";
		};
		A6C4ABA71B7A5D7400AF0EC6 /* Supporting Files */ = {
			isa = PBXGroup;
			children = (
				A6C4ABA81B7A5D7400AF0EC6 /* Info.plist */,
			);
			name = "Supporting Files";
			sourceTree = "<group>";
		};
/* End PBXGroup section */

/* Begin PBXNativeTarget section */
		A6C4AB891B7A5D7400AF0EC6 /* ITRAirSideMenu */ = {
			isa = PBXNativeTarget;
			buildConfigurationList = A6C4ABAD1B7A5D7400AF0EC6 /* Build configuration list for PBXNativeTarget "ITRAirSideMenu" */;
			buildPhases = (
				A6C4AB861B7A5D7400AF0EC6 /* Sources */,
				A6C4AB871B7A5D7400AF0EC6 /* Frameworks */,
				A6C4AB881B7A5D7400AF0EC6 /* Resources */,
			);
			buildRules = (
			);
			dependencies = (
			);
			name = ITRAirSideMenu;
			productName = ITRAirSideMenu;
			productReference = A6C4AB8A1B7A5D7400AF0EC6 /* ITRAirSideMenu.app */;
			productType = "com.apple.product-type.application";
		};
		A6C4ABA21B7A5D7400AF0EC6 /* ITRAirSideMenuTests */ = {
			isa = PBXNativeTarget;
			buildConfigurationList = A6C4ABB01B7A5D7400AF0EC6 /* Build configuration list for PBXNativeTarget "ITRAirSideMenuTests" */;
			buildPhases = (
				A6C4AB9F1B7A5D7400AF0EC6 /* Sources */,
				A6C4ABA01B7A5D7400AF0EC6 /* Frameworks */,
				A6C4ABA11B7A5D7400AF0EC6 /* Resources */,
			);
			buildRules = (
			);
			dependencies = (
				A6C4ABA51B7A5D7400AF0EC6 /* PBXTargetDependency */,
			);
			name = ITRAirSideMenuTests;
			productName = ITRAirSideMenuTests;
			productReference = A6C4ABA31B7A5D7400AF0EC6 /* ITRAirSideMenuTests.xctest */;
			productType = "com.apple.product-type.bundle.unit-test";
		};
/* End PBXNativeTarget section */

/* Begin PBXProject section */
		A6C4AB821B7A5D7300AF0EC6 /* Project object */ = {
			isa = PBXProject;
			attributes = {
				LastUpgradeCheck = 0640;
				ORGANIZATIONNAME = kirthi;
				TargetAttributes = {
					A6C4AB891B7A5D7400AF0EC6 = {
						CreatedOnToolsVersion = 6.4;
					};
					A6C4ABA21B7A5D7400AF0EC6 = {
						CreatedOnToolsVersion = 6.4;
						TestTargetID = A6C4AB891B7A5D7400AF0EC6;
					};
				};
			};
			buildConfigurationList = A6C4AB851B7A5D7400AF0EC6 /* Build configuration list for PBXProject "ITRAirSideMenu" */;
			compatibilityVersion = "Xcode 3.2";
			developmentRegion = English;
			hasScannedForEncodings = 0;
			knownRegions = (
				en,
				Base,
			);
			mainGroup = A6C4AB811B7A5D7300AF0EC6;
			productRefGroup = A6C4AB8B1B7A5D7400AF0EC6 /* Products */;
			projectDirPath = "";
			projectRoot = "";
			targets = (
				A6C4AB891B7A5D7400AF0EC6 /* ITRAirSideMenu */,
				A6C4ABA21B7A5D7400AF0EC6 /* ITRAirSideMenuTests */,
			);
		};
/* End PBXProject section */

/* Begin PBXResourcesBuildPhase section */
		A6C4AB881B7A5D7400AF0EC6 /* Resources */ = {
			isa = PBXResourcesBuildPhase;
			buildActionMask = 2147483647;
			files = (
				A6C4AB991B7A5D7400AF0EC6 /* Main.storyboard in Resources */,
				A6C4AB9E1B7A5D7400AF0EC6 /* LaunchScreen.xib in Resources */,
				A6C4AB9B1B7A5D7400AF0EC6 /* Images.xcassets in Resources */,
			);
			runOnlyForDeploymentPostprocessing = 0;
		};
		A6C4ABA11B7A5D7400AF0EC6 /* Resources */ = {
			isa = PBXResourcesBuildPhase;
			buildActionMask = 2147483647;
			files = (
			);
			runOnlyForDeploymentPostprocessing = 0;
		};
/* End PBXResourcesBuildPhase section */

/* Begin PBXSourcesBuildPhase section */
		A6C4AB861B7A5D7400AF0EC6 /* Sources */ = {
			isa = PBXSourcesBuildPhase;
			buildActionMask = 2147483647;
			files = (
				A6C4AB961B7A5D7400AF0EC6 /* ViewController.m in Sources */,
				A6C4AB931B7A5D7400AF0EC6 /* AppDelegate.m in Sources */,
				A6C4AB901B7A5D7400AF0EC6 /* main.m in Sources */,
			);
			runOnlyForDeploymentPostprocessing = 0;
		};
		A6C4AB9F1B7A5D7400AF0EC6 /* Sources */ = {
			isa = PBXSourcesBuildPhase;
			buildActionMask = 2147483647;
			files = (
				A6C4ABAA1B7A5D7400AF0EC6 /* ITRAirSideMenuTests.m in Sources */,
			);
			runOnlyForDeploymentPostprocessing = 0;
		};
/* End PBXSourcesBuildPhase section */

/* Begin PBXTargetDependency section */
		A6C4ABA51B7A5D7400AF0EC6 /* PBXTargetDependency */ = {
			isa = PBXTargetDependency;
			target = A6C4AB891B7A5D7400AF0EC6 /* ITRAirSideMenu */;
			targetProxy = A6C4ABA41B7A5D7400AF0EC6 /* PBXContainerItemProxy */;
		};
/* End PBXTargetDependency section */

/* Begin PBXVariantGroup section */
		A6C4AB971B7A5D7400AF0EC6 /* Main.storyboard */ = {
			isa = PBXVariantGroup;
			children = (
				A6C4AB981B7A5D7400AF0EC6 /* Base */,
			);
			name = Main.storyboard;
			sourceTree = "<group>";
		};
		A6C4AB9C1B7A5D7400AF0EC6 /* LaunchScreen.xib */ = {
			isa = PBXVariantGroup;
			children = (
				A6C4AB9D1B7A5D7400AF0EC6 /* Base */,
			);
			name = LaunchScreen.xib;
			sourceTree = "<group>";
		};
/* End PBXVariantGroup section */

/* Begin XCBuildConfiguration section */
		A6C4ABAB1B7A5D7400AF0EC6 /* Debug */ = {
			isa = XCBuildConfiguration;
			buildSettings = {
				ALWAYS_SEARCH_USER_PATHS = NO;
				CLANG_CXX_LANGUAGE_STANDARD = "gnu++0x";
				CLANG_CXX_LIBRARY = "libc++";
				CLANG_ENABLE_MODULES = YES;
				CLANG_ENABLE_OBJC_ARC = YES;
				CLANG_WARN_BOOL_CONVERSION = YES;
				CLANG_WARN_CONSTANT_CONVERSION = YES;
				CLANG_WARN_DIRECT_OBJC_ISA_USAGE = YES_ERROR;
				CLANG_WARN_EMPTY_BODY = YES;
				CLANG_WARN_ENUM_CONVERSION = YES;
				CLANG_WARN_INT_CONVERSION = YES;
				CLANG_WARN_OBJC_ROOT_CLASS = YES_ERROR;
				CLANG_WARN_UNREACHABLE_CODE = YES;
				CLANG_WARN__DUPLICATE_METHOD_MATCH = YES;
				"CODE_SIGN_IDENTITY[sdk=iphoneos*]" = "iPhone Developer";
				COPY_PHASE_STRIP = NO;
				DEBUG_INFORMATION_FORMAT = "dwarf-with-dsym";
				ENABLE_STRICT_OBJC_MSGSEND = YES;
				GCC_C_LANGUAGE_STANDARD = gnu99;
				GCC_DYNAMIC_NO_PIC = NO;
				GCC_NO_COMMON_BLOCKS = YES;
				GCC_OPTIMIZATION_LEVEL = 0;
				GCC_PREPROCESSOR_DEFINITIONS = (
					"DEBUG=1",
					"$(inherited)",
				);
				GCC_SYMBOLS_PRIVATE_EXTERN = NO;
				GCC_WARN_64_TO_32_BIT_CONVERSION = YES;
				GCC_WARN_ABOUT_RETURN_TYPE = YES_ERROR;
				GCC_WARN_UNDECLARED_SELECTOR = YES;
				GCC_WARN_UNINITIALIZED_AUTOS = YES_AGGRESSIVE;
				GCC_WARN_UNUSED_FUNCTION = YES;
				GCC_WARN_UNUSED_VARIABLE = YES;
				IPHONEOS_DEPLOYMENT_TARGET = 8.4;
				MTL_ENABLE_DEBUG_INFO = YES;
				ONLY_ACTIVE_ARCH = YES;
				SDKROOT = iphoneos;
			};
			name = Debug;
		};
		A6C4ABAC1B7A5D7400AF0EC6 /* Release */ = {
			isa = XCBuildConfiguration;
			buildSettings = {
				ALWAYS_SEARCH_USER_PATHS = NO;
				CLANG_CXX_LANGUAGE_STANDARD = "gnu++0x";
				CLANG_CXX_LIBRARY = "libc++";
				CLANG_ENABLE_MODULES = YES;
				CLANG_ENABLE_OBJC_ARC = YES;
				CLANG_WARN_BOOL_CONVERSION = YES;
				CLANG_WARN_CONSTANT_CONVERSION = YES;
				CLANG_WARN_DIRECT_OBJC_ISA_USAGE = YES_ERROR;
				CLANG_WARN_EMPTY_BODY = YES;
				CLANG_WARN_ENUM_CONVERSION = YES;
				CLANG_WARN_INT_CONVERSION = YES;
				CLANG_WARN_OBJC_ROOT_CLASS = YES_ERROR;
				CLANG_WARN_UNREACHABLE_CODE = YES;
				CLANG_WARN__DUPLICATE_METHOD_MATCH = YES;
				"CODE_SIGN_IDENTITY[sdk=iphoneos*]" = "iPhone Developer";
				COPY_PHASE_STRIP = NO;
				DEBUG_INFORMATION_FORMAT = "dwarf-with-dsym";
				ENABLE_NS_ASSERTIONS = NO;
				ENABLE_STRICT_OBJC_MSGSEND = YES;
				GCC_C_LANGUAGE_STANDARD = gnu99;
				GCC_NO_COMMON_BLOCKS = YES;
				GCC_WARN_64_TO_32_BIT_CONVERSION = YES;
				GCC_WARN_ABOUT_RETURN_TYPE = YES_ERROR;
				GCC_WARN_UNDECLARED_SELECTOR = YES;
				GCC_WARN_UNINITIALIZED_AUTOS = YES_AGGRESSIVE;
				GCC_WARN_UNUSED_FUNCTION = YES;
				GCC_WARN_UNUSED_VARIABLE = YES;
				IPHONEOS_DEPLOYMENT_TARGET = 8.4;
				MTL_ENABLE_DEBUG_INFO = NO;
				SDKROOT = iphoneos;
				VALIDATE_PRODUCT = YES;
			};
			name = Release;
		};
		A6C4ABAE1B7A5D7400AF0EC6 /* Debug */ = {
			isa = XCBuildConfiguration;
			buildSettings = {
				ASSETCATALOG_COMPILER_APPICON_NAME = AppIcon;
				INFOPLIST_FILE = ITRAirSideMenu/Info.plist;
				LD_RUNPATH_SEARCH_PATHS = "$(inherited) @executable_path/Frameworks";
				PRODUCT_NAME = "$(TARGET_NAME)";
			};
			name = Debug;
		};
		A6C4ABAF1B7A5D7400AF0EC6 /* Release */ = {
			isa = XCBuildConfiguration;
			buildSettings = {
				ASSETCATALOG_COMPILER_APPICON_NAME = AppIcon;
				INFOPLIST_FILE = ITRAirSideMenu/Info.plist;
				LD_RUNPATH_SEARCH_PATHS = "$(inherited) @executable_path/Frameworks";
				PRODUCT_NAME = "$(TARGET_NAME)";
			};
			name = Release;
		};
		A6C4ABB11B7A5D7400AF0EC6 /* Debug */ = {
			isa = XCBuildConfiguration;
			buildSettings = {
				BUNDLE_LOADER = "$(TEST_HOST)";
				FRAMEWORK_SEARCH_PATHS = (
					"$(SDKROOT)/Developer/Library/Frameworks",
					"$(inherited)",
				);
				GCC_PREPROCESSOR_DEFINITIONS = (
					"DEBUG=1",
					"$(inherited)",
				);
				INFOPLIST_FILE = ITRAirSideMenuTests/Info.plist;
				LD_RUNPATH_SEARCH_PATHS = "$(inherited) @executable_path/Frameworks @loader_path/Frameworks";
				PRODUCT_NAME = "$(TARGET_NAME)";
				TEST_HOST = "$(BUILT_PRODUCTS_DIR)/ITRAirSideMenu.app/ITRAirSideMenu";
			};
			name = Debug;
		};
		A6C4ABB21B7A5D7400AF0EC6 /* Release */ = {
			isa = XCBuildConfiguration;
			buildSettings = {
				BUNDLE_LOADER = "$(TEST_HOST)";
				FRAMEWORK_SEARCH_PATHS = (
					"$(SDKROOT)/Developer/Library/Frameworks",
					"$(inherited)",
				);
				INFOPLIST_FILE = ITRAirSideMenuTests/Info.plist;
				LD_RUNPATH_SEARCH_PATHS = "$(inherited) @executable_path/Frameworks @loader_path/Frameworks";
				PRODUCT_NAME = "$(TARGET_NAME)";
				TEST_HOST = "$(BUILT_PRODUCTS_DIR)/ITRAirSideMenu.app/ITRAirSideMenu";
			};
			name = Release;
		};
/* End XCBuildConfiguration section */

/* Begin XCConfigurationList section */
		A6C4AB851B7A5D7400AF0EC6 /* Build configuration list for PBXProject "ITRAirSideMenu" */ = {
			isa = XCConfigurationList;
			buildConfigurations = (
				A6C4ABAB1B7A5D7400AF0EC6 /* Debug */,
				A6C4ABAC1B7A5D7400AF0EC6 /* Release */,
			);
			defaultConfigurationIsVisible = 0;
			defaultConfigurationName = Release;
		};
		A6C4ABAD1B7A5D7400AF0EC6 /* Build configuration list for PBXNativeTarget "ITRAirSideMenu" */ = {
			isa = XCConfigurationList;
			buildConfigurations = (
				A6C4ABAE1B7A5D7400AF0EC6 /* Debug */,
				A6C4ABAF1B7A5D7400AF0EC6 /* Release */,
			);
			defaultConfigurationIsVisible = 0;
		};
		A6C4ABB01B7A5D7400AF0EC6 /* Build configuration list for PBXNativeTarget "ITRAirSideMenuTests" */ = {
			isa = XCConfigurationList;
			buildConfigurations = (
				A6C4ABB11B7A5D7400AF0EC6 /* Debug */,
				A6C4ABB21B7A5D7400AF0EC6 /* Release */,
			);
			defaultConfigurationIsVisible = 0;
		};
/* End XCConfigurationList section */
	};
	rootObject = A6C4AB821B7A5D7300AF0EC6 /* Project object */;
}
